PODS:
  - FDFullscreenPopGesture (1.1)
  - Masonry (1.1.0)

DEPENDENCIES:
  - FDFullscreenPopGesture (= 1.1)
  - Masonry (~> 1.1.0)

SPEC REPOS:
  https://github.com/CocoaPods/Specs.git:
    - FDFullscreenPopGesture
    - Masonry

SPEC CHECKSUMS:
  FDFullscreenPopGesture: a8a620179e3d9c40e8e00256dcee1c1a27c6d0f0
  Masonry: 678fab65091a9290e40e2832a55e7ab731aad201

PODFILE CHECKSUM: 3a535f0b0f8287f7e279f4bf14a924fd45bd4f3b

COCOAPODS: 1.5.0
